
Microsoft Visual Studio Solution File, Format Version 11.00
# Visual Studio 2010
Project("{FAE04EC0-301F-11D3-BF4B-00C04F79EFBC}") = "MyWCF", "MyWCF\MyWCF.csproj", "{D0CADF95-D40A-46F3-9CEE-0AB400712A76}"
EndProject
Project("{E24C65DC-7377-472B-9ABA-BC803B73C61A}") = "WCFHost", "WCFHost", "{7CC9664F-7A7B-4652-A248-3BE6CD5D283A}"
	ProjectSection(WebsiteProperties) = preProject
		TargetFrameworkMoniker = ".NETFramework,Version%3Dv4.0"
		ProjectReferences = "{D0CADF95-D40A-46F3-9CEE-0AB400712A76}|MyWCF.dll;"
		Debug.AspNetCompiler.VirtualPath = "/WCFHost"
		Debug.AspNetCompiler.PhysicalPath = "WCFHost\"
		Debug.AspNetCompiler.TargetPath = "PrecompiledWeb\WCFHost\"
		Debug.AspNetCompiler.Updateable = "true"
		Debug.AspNetCompiler.ForceOverwrite = "true"
		Debug.AspNetCompiler.FixedNames = "false"
		Debug.AspNetCompiler.Debug = "True"
		Release.AspNetCompiler.VirtualPath = "/WCFHost"
		Release.AspNetCompiler.PhysicalPath = "WCFHost\"
		Release.AspNetCompiler.TargetPath = "PrecompiledWeb\WCFHost\"
		Release.AspNetCompiler.Updateable = "true"
		Release.AspNetCompiler.ForceOverwrite = "true"
		Release.AspNetCompiler.FixedNames = "false"
		Release.AspNetCompiler.Debug = "False"
		VWDPort = "53263"
		DefaultWebSiteLanguage = "Visual C#"
	EndProjectSection
EndProject
Project("{E24C65DC-7377-472B-9ABA-BC803B73C61A}") = "Client", "Client", "{AE24ECCA-AD12-4E98-8276-5318F6309513}"
	ProjectSection(WebsiteProperties) = preProject
		TargetFrameworkMoniker = ".NETFramework,Version%3Dv4.0"
		Debug.AspNetCompiler.VirtualPath = "/Client"
		Debug.AspNetCompiler.PhysicalPath = "Client\"
		Debug.AspNetCompiler.TargetPath = "PrecompiledWeb\Client\"
		Debug.AspNetCompiler.Updateable = "true"
		Debug.AspNetCompiler.ForceOverwrite = "true"
		Debug.AspNetCompiler.FixedNames = "false"
		Debug.AspNetCompiler.Debug = "True"
		Release.AspNetCompiler.VirtualPath = "/Client"
		Release.AspNetCompiler.PhysicalPath = "Client\"
		Release.AspNetCompiler.TargetPath = "PrecompiledWeb\Client\"
		Release.AspNetCompiler.Updateable = "true"
		Release.AspNetCompiler.ForceOverwrite = "true"
		Release.AspNetCompiler.FixedNames = "false"
		Release.AspNetCompiler.Debug = "False"
		VWDPort = "53312"
		DefaultWebSiteLanguage = "Visual C#"
	EndProjectSection
	ProjectSection(ProjectDependencies) = postProject
		{7CC9664F-7A7B-4652-A248-3BE6CD5D283A} = {7CC9664F-7A7B-4652-A248-3BE6CD5D283A}
	EndProjectSection
EndProject
Global
	GlobalSection(SolutionConfigurationPlatforms) = preSolution
		Debug|Any CPU = Debug|Any CPU
		Release|Any CPU = Release|Any CPU
	EndGlobalSection
	GlobalSection(ProjectConfigurationPlatforms) = postSolution
		{D0CADF95-D40A-46F3-9CEE-0AB400712A76}.Debug|Any CPU.ActiveCfg = Debug|Any CPU
		{D0CADF95-D40A-46F3-9CEE-0AB400712A76}.Debug|Any CPU.Build.0 = Debug|Any CPU
		{D0CADF95-D40A-46F3-9CEE-0AB400712A76}.Release|Any CPU.ActiveCfg = Release|Any CPU
		{D0CADF95-D40A-46F3-9CEE-0AB400712A76}.Release|Any CPU.Build.0 = Release|Any CPU
		{7CC9664F-7A7B-4652-A248-3BE6CD5D283A}.Debug|Any CPU.ActiveCfg = Debug|Any CPU
		{7CC9664F-7A7B-4652-A248-3BE6CD5D283A}.Debug|Any CPU.Build.0 = Debug|Any CPU
		{7CC9664F-7A7B-4652-A248-3BE6CD5D283A}.Release|Any CPU.ActiveCfg = Debug|Any CPU
		{7CC9664F-7A7B-4652-A248-3BE6CD5D283A}.Release|Any CPU.Build.0 = Debug|Any CPU
		{AE24ECCA-AD12-4E98-8276-5318F6309513}.Debug|Any CPU.ActiveCfg = Debug|Any CPU
		{AE24ECCA-AD12-4E98-8276-5318F6309513}.Debug|Any CPU.Build.0 = Debug|Any CPU
		{AE24ECCA-AD12-4E98-8276-5318F6309513}.Release|Any CPU.ActiveCfg = Debug|Any CPU
		{AE24ECCA-AD12-4E98-8276-5318F6309513}.Release|Any CPU.Build.0 = Debug|Any CPU
	EndGlobalSection
	GlobalSection(SolutionProperties) = preSolution
		HideSolutionNode = FALSE
	EndGlobalSection
EndGlobal
