
Microsoft Visual Studio Solution File, Format Version 11.00
# Visual Studio 2010
Project("{FAE04EC0-301F-11D3-BF4B-00C04F79EFBC}") = "MyWCF", "MyWCF\MyWCF.csproj", "{D0CADF95-D40A-46F3-9CEE-0AB400712A76}"
EndProject
Project("{FAE04EC0-301F-11D3-BF4B-00C04F79EFBC}") = "MyWCFHost", "MyWCFHost\MyWCFHost.csproj", "{1E7C0B8E-6F68-4196-A322-A382B9E009E4}"
EndProject
Project("{FAE04EC0-301F-11D3-BF4B-00C04F79EFBC}") = "MyWCFClient", "MyWCFClient\MyWCFClient.csproj", "{AFE4AA50-8927-4CAE-9746-F4C658B05BD5}"
	ProjectSection(ProjectDependencies) = postProject
		{1E7C0B8E-6F68-4196-A322-A382B9E009E4} = {1E7C0B8E-6F68-4196-A322-A382B9E009E4}
	EndProjectSection
EndProject
Global
	GlobalSection(SolutionConfigurationPlatforms) = preSolution
		Debug|Any CPU = Debug|Any CPU
		Release|Any CPU = Release|Any CPU
	EndGlobalSection
	GlobalSection(ProjectConfigurationPlatforms) = postSolution
		{D0CADF95-D40A-46F3-9CEE-0AB400712A76}.Debug|Any CPU.ActiveCfg = Debug|Any CPU
		{D0CADF95-D40A-46F3-9CEE-0AB400712A76}.Debug|Any CPU.Build.0 = Debug|Any CPU
		{D0CADF95-D40A-46F3-9CEE-0AB400712A76}.Release|Any CPU.ActiveCfg = Release|Any CPU
		{D0CADF95-D40A-46F3-9CEE-0AB400712A76}.Release|Any CPU.Build.0 = Release|Any CPU
		{1E7C0B8E-6F68-4196-A322-A382B9E009E4}.Debug|Any CPU.ActiveCfg = Debug|Any CPU
		{1E7C0B8E-6F68-4196-A322-A382B9E009E4}.Debug|Any CPU.Build.0 = Debug|Any CPU
		{1E7C0B8E-6F68-4196-A322-A382B9E009E4}.Release|Any CPU.ActiveCfg = Release|Any CPU
		{1E7C0B8E-6F68-4196-A322-A382B9E009E4}.Release|Any CPU.Build.0 = Release|Any CPU
		{AFE4AA50-8927-4CAE-9746-F4C658B05BD5}.Debug|Any CPU.ActiveCfg = Debug|Any CPU
		{AFE4AA50-8927-4CAE-9746-F4C658B05BD5}.Debug|Any CPU.Build.0 = Debug|Any CPU
		{AFE4AA50-8927-4CAE-9746-F4C658B05BD5}.Release|Any CPU.ActiveCfg = Release|Any CPU
		{AFE4AA50-8927-4CAE-9746-F4C658B05BD5}.Release|Any CPU.Build.0 = Release|Any CPU
	EndGlobalSection
	GlobalSection(SolutionProperties) = preSolution
		HideSolutionNode = FALSE
	EndGlobalSection
EndGlobal
